// !$*UTF8*$!
{
	archiveVersion = 1;
	classes = {
	};
	objectVersion = 50;
	objects = {

/* Begin PBXBuildFile section */
		FA187E222246967C005DA8E0 /* LargeImageView.swift in Sources */ = {isa = PBXBuildFile; fileRef = FA187E212246967C005DA8E0 /* LargeImageView.swift */; };
		FA55A66B2245E5F200BE741F /* AppDelegate.swift in Sources */ = {isa = PBXBuildFile; fileRef = FA55A66A2245E5F200BE741F /* AppDelegate.swift */; };
		FA55A66D2245E5F200BE741F /* ViewController.swift in Sources */ = {isa = PBXBuildFile; fileRef = FA55A66C2245E5F200BE741F /* ViewController.swift */; };
		FA55A6702245E5F200BE741F /* Main.storyboard in Resources */ = {isa = PBXBuildFile; fileRef = FA55A66E2245E5F200BE741F /* Main.storyboard */; };
		FA55A6722245E5F300BE741F /* Assets.xcassets in Resources */ = {isa = PBXBuildFile; fileRef = FA55A6712245E5F300BE741F /* Assets.xcassets */; };
		FA55A6752245E5F300BE741F /* LaunchScreen.storyboard in Resources */ = {isa = PBXBuildFile; fileRef = FA55A6732245E5F300BE741F /* LaunchScreen.storyboard */; };
		FAD71B722246788B00035245 /* Image.swift in Sources */ = {isa = PBXBuildFile; fileRef = FAD71B712246788B00035245 /* Image.swift */; };
		FAD71B7422467B4100035245 /* ImageCellTableViewCell.swift in Sources */ = {isa = PBXBuildFile; fileRef = FAD71B7322467B4100035245 /* ImageCellTableViewCell.swift */; };
/* End PBXBuildFile section */

/* Begin PBXFileReference section */
		FA187E212246967C005DA8E0 /* LargeImageView.swift */ = {isa = PBXFileReference; lastKnownFileType = sourcecode.swift; path = LargeImageView.swift; sourceTree = "<group>"; };
		FA55A6672245E5F200BE741F /* Milestone: Projects 10-12.app */ = {isa = PBXFileReference; explicitFileType = wrapper.application; includeInIndex = 0; path = "Milestone: Projects 10-12.app"; sourceTree = BUILT_PRODUCTS_DIR; };
		FA55A66A2245E5F200BE741F /* AppDelegate.swift */ = {isa = PBXFileReference; lastKnownFileType = sourcecode.swift; path = AppDelegate.swift; sourceTree = "<group>"; };
		FA55A66C2245E5F200BE741F /* ViewController.swift */ = {isa = PBXFileReference; lastKnownFileType = sourcecode.swift; path = ViewController.swift; sourceTree = "<group>"; };
		FA55A66F2245E5F200BE741F /* Base */ = {isa = PBXFileReference; lastKnownFileType = file.storyboard; name = Base; path = Base.lproj/Main.storyboard; sourceTree = "<group>"; };
		FA55A6712245E5F300BE741F /* Assets.xcassets */ = {isa = PBXFileReference; lastKnownFileType = folder.assetcatalog; path = Assets.xcassets; sourceTree = "<group>"; };
		FA55A6742245E5F300BE741F /* Base */ = {isa = PBXFileReference; lastKnownFileType = file.storyboard; name = Base; path = Base.lproj/LaunchScreen.storyboard; sourceTree = "<group>"; };
		FA55A6762245E5F300BE741F /* Info.plist */ = {isa = PBXFileReference; lastKnownFileType = text.plist.xml; path = Info.plist; sourceTree = "<group>"; };
		FAD71B712246788B00035245 /* Image.swift */ = {isa = PBXFileReference; lastKnownFileType = sourcecode.swift; path = Image.swift; sourceTree = "<group>"; };
		FAD71B7322467B4100035245 /* ImageCellTableViewCell.swift */ = {isa = PBXFileReference; lastKnownFileType = sourcecode.swift; path = ImageCellTableViewCell.swift; sourceTree = "<group>"; };
/* End PBXFileReference section */

/* Begin PBXFrameworksBuildPhase section */
		FA55A6642245E5F200BE741F /* Frameworks */ = {
			isa = PBXFrameworksBuildPhase;
			buildActionMask = 2147483647;
			files = (
			);
			runOnlyForDeploymentPostprocessing = 0;
		};
/* End PBXFrameworksBuildPhase section */

/* Begin PBXGroup section */
		FA55A65E2245E5F200BE741F = {
			isa = PBXGroup;
			children = (
				FA55A6692245E5F200BE741F /* Milestone: Projects 10-12 */,
				FA55A6682245E5F200BE741F /* Products */,
			);
			sourceTree = "<group>";
		};
		FA55A6682245E5F200BE741F /* Products */ = {
			isa = PBXGroup;
			children = (
				FA55A6672245E5F200BE741F /* Milestone: Projects 10-12.app */,
			);
			name = Products;
			sourceTree = "<group>";
		};
		FA55A6692245E5F200BE741F /* Milestone: Projects 10-12 */ = {
			isa = PBXGroup;
			children = (
				FA55A66A2245E5F200BE741F /* AppDelegate.swift */,
				FA55A66C2245E5F200BE741F /* ViewController.swift */,
				FAD71B712246788B00035245 /* Image.swift */,
				FA55A66E2245E5F200BE741F /* Main.storyboard */,
				FA187E212246967C005DA8E0 /* LargeImageView.swift */,
				FAD71B7322467B4100035245 /* ImageCellTableViewCell.swift */,
				FA55A6712245E5F300BE741F /* Assets.xcassets */,
				FA55A6732245E5F300BE741F /* LaunchScreen.storyboard */,
				FA55A6762245E5F300BE741F /* Info.plist */,
			);
			path = "Milestone: Projects 10-12";
			sourceTree = "<group>";
		};
/* End PBXGroup section */

/* Begin PBXNativeTarget section */
		FA55A6662245E5F200BE741F /* Milestone: Projects 10-12 */ = {
			isa = PBXNativeTarget;
			buildConfigurationList = FA55A6792245E5F300BE741F /* Build configuration list for PBXNativeTarget "Milestone: Projects 10-12" */;
			buildPhases = (
				FA55A6632245E5F200BE741F /* Sources */,
				FA55A6642245E5F200BE741F /* Frameworks */,
				FA55A6652245E5F200BE741F /* Resources */,
				FA55A6802245E6AE00BE741F /* ShellScript */,
			);
			buildRules = (
			);
			dependencies = (
			);
			name = "Milestone: Projects 10-12";
			productName = "Milestone: Projects 10-12";
			productReference = FA55A6672245E5F200BE741F /* Milestone: Projects 10-12.app */;
			productType = "com.apple.product-type.application";
		};
/* End PBXNativeTarget section */

/* Begin PBXProject section */
		FA55A65F2245E5F200BE741F /* Project object */ = {
			isa = PBXProject;
			attributes = {
				LastSwiftUpdateCheck = 1010;
				LastUpgradeCheck = 1010;
				ORGANIZATIONNAME = "Titanian Inc";
				TargetAttributes = {
					FA55A6662245E5F200BE741F = {
						CreatedOnToolsVersion = 10.1;
					};
				};
			};
			buildConfigurationList = FA55A6622245E5F200BE741F /* Build configuration list for PBXProject "Milestone: Projects 10-12" */;
			compatibilityVersion = "Xcode 9.3";
			developmentRegion = en;
			hasScannedForEncodings = 0;
			knownRegions = (
				en,
				Base,
			);
			mainGroup = FA55A65E2245E5F200BE741F;
			productRefGroup = FA55A6682245E5F200BE741F /* Products */;
			projectDirPath = "";
			projectRoot = "";
			targets = (
				FA55A6662245E5F200BE741F /* Milestone: Projects 10-12 */,
			);
		};
/* End PBXProject section */

/* Begin PBXResourcesBuildPhase section */
		FA55A6652245E5F200BE741F /* Resources */ = {
			isa = PBXResourcesBuildPhase;
			buildActionMask = 2147483647;
			files = (
				FA55A6752245E5F300BE741F /* LaunchScreen.storyboard in Resources */,
				FA55A6722245E5F300BE741F /* Assets.xcassets in Resources */,
				FA55A6702245E5F200BE741F /* Main.storyboard in Resources */,
			);
			runOnlyForDeploymentPostprocessing = 0;
		};
/* End PBXResourcesBuildPhase section */

/* Begin PBXShellScriptBuildPhase section */
		FA55A6802245E6AE00BE741F /* ShellScript */ = {
			isa = PBXShellScriptBuildPhase;
			buildActionMask = 2147483647;
			files = (
			);
			inputFileListPaths = (
			);
			inputPaths = (
			);
			outputFileListPaths = (
			);
			outputPaths = (
			);
			runOnlyForDeploymentPostprocessing = 0;
			shellPath = /bin/sh;
			shellScript = "# Type a script or drag a script file from your workspace to insert its path.\n";
		};
/* End PBXShellScriptBuildPhase section */

/* Begin PBXSourcesBuildPhase section */
		FA55A6632245E5F200BE741F /* Sources */ = {
			isa = PBXSourcesBuildPhase;
			buildActionMask = 2147483647;
			files = (
				FA55A66D2245E5F200BE741F /* ViewController.swift in Sources */,
				FAD71B7422467B4100035245 /* ImageCellTableViewCell.swift in Sources */,
				FAD71B722246788B00035245 /* Image.swift in Sources */,
				FA55A66B2245E5F200BE741F /* AppDelegate.swift in Sources */,
				FA187E222246967C005DA8E0 /* LargeImageView.swift in Sources */,
			);
			runOnlyForDeploymentPostprocessing = 0;
		};
/* End PBXSourcesBuildPhase section */

/* Begin PBXVariantGroup section */
		FA55A66E2245E5F200BE741F /* Main.storyboard */ = {
			isa = PBXVariantGroup;
			children = (
				FA55A66F2245E5F200BE741F /* Base */,
			);
			name = Main.storyboard;
			sourceTree = "<group>";
		};
		FA55A6732245E5F300BE741F /* LaunchScreen.storyboard */ = {
			isa = PBXVariantGroup;
			children = (
				FA55A6742245E5F300BE741F /* Base */,
			);
			name = LaunchScreen.storyboard;
			sourceTree = "<group>";
		};
/* End PBXVariantGroup section */

/* Begin XCBuildConfiguration section */
		FA55A6772245E5F300BE741F /* Debug */ = {
			isa = XCBuildConfiguration;
			buildSettings = {
				ALWAYS_SEARCH_USER_PATHS = NO;
				CLANG_ANALYZER_NONNULL = YES;
				CLANG_ANALYZER_NUMBER_OBJECT_CONVERSION = YES_AGGRESSIVE;
				CLANG_CXX_LANGUAGE_STANDARD = "gnu++14";
				CLANG_CXX_LIBRARY = "libc++";
				CLANG_ENABLE_MODULES = YES;
				CLANG_ENABLE_OBJC_ARC = YES;
				CLANG_ENABLE_OBJC_WEAK = YES;
				CLANG_WARN_BLOCK_CAPTURE_AUTORELEASING = YES;
				CLANG_WARN_BOOL_CONVERSION = YES;
				CLANG_WARN_COMMA = YES;
				CLANG_WARN_CONSTANT_CONVERSION = YES;
				CLANG_WARN_DEPRECATED_OBJC_IMPLEMENTATIONS = YES;
				CLANG_WARN_DIRECT_OBJC_ISA_USAGE = YES_ERROR;
				CLANG_WARN_DOCUMENTATION_COMMENTS = YES;
				CLANG_WARN_EMPTY_BODY = YES;
				CLANG_WARN_ENUM_CONVERSION = YES;
				CLANG_WARN_INFINITE_RECURSION = YES;
				CLANG_WARN_INT_CONVERSION = YES;
				CLANG_WARN_NON_LITERAL_NULL_CONVERSION = YES;
				CLANG_WARN_OBJC_IMPLICIT_RETAIN_SELF = YES;
				CLANG_WARN_OBJC_LITERAL_CONVERSION = YES;
				CLANG_WARN_OBJC_ROOT_CLASS = YES_ERROR;
				CLANG_WARN_RANGE_LOOP_ANALYSIS = YES;
				CLANG_WARN_STRICT_PROTOTYPES = YES;
				CLANG_WARN_SUSPICIOUS_MOVE = YES;
				CLANG_WARN_UNGUARDED_AVAILABILITY = YES_AGGRESSIVE;
				CLANG_WARN_UNREACHABLE_CODE = YES;
				CLANG_WARN__DUPLICATE_METHOD_MATCH = YES;
				CODE_SIGN_IDENTITY = "iPhone Developer";
				COPY_PHASE_STRIP = NO;
				DEBUG_INFORMATION_FORMAT = dwarf;
				ENABLE_STRICT_OBJC_MSGSEND = YES;
				ENABLE_TESTABILITY = YES;
				GCC_C_LANGUAGE_STANDARD = gnu11;
				GCC_DYNAMIC_NO_PIC = NO;
				GCC_NO_COMMON_BLOCKS = YES;
				GCC_OPTIMIZATION_LEVEL = 0;
				GCC_PREPROCESSOR_DEFINITIONS = (
					"DEBUG=1",
					"$(inherited)",
				);
				GCC_WARN_64_TO_32_BIT_CONVERSION = YES;
				GCC_WARN_ABOUT_RETURN_TYPE = YES_ERROR;
				GCC_WARN_UNDECLARED_SELECTOR = YES;
				GCC_WARN_UNINITIALIZED_AUTOS = YES_AGGRESSIVE;
				GCC_WARN_UNUSED_FUNCTION = YES;
				GCC_WARN_UNUSED_VARIABLE = YES;
				IPHONEOS_DEPLOYMENT_TARGET = 12.1;
				MTL_ENABLE_DEBUG_INFO = INCLUDE_SOURCE;
				MTL_FAST_MATH = YES;
				ONLY_ACTIVE_ARCH = YES;
				SDKROOT = iphoneos;
				SWIFT_ACTIVE_COMPILATION_CONDITIONS = DEBUG;
				SWIFT_OPTIMIZATION_LEVEL = "-Onone";
			};
			name = Debug;
		};
		FA55A6782245E5F300BE741F /* Release */ = {
			isa = XCBuildConfiguration;
			buildSettings = {
				ALWAYS_SEARCH_USER_PATHS = NO;
				CLANG_ANALYZER_NONNULL = YES;
				CLANG_ANALYZER_NUMBER_OBJECT_CONVERSION = YES_AGGRESSIVE;
				CLANG_CXX_LANGUAGE_STANDARD = "gnu++14";
				CLANG_CXX_LIBRARY = "libc++";
				CLANG_ENABLE_MODULES = YES;
				CLANG_ENABLE_OBJC_ARC = YES;
				CLANG_ENABLE_OBJC_WEAK = YES;
				CLANG_WARN_BLOCK_CAPTURE_AUTORELEASING = YES;
				CLANG_WARN_BOOL_CONVERSION = YES;
				CLANG_WARN_COMMA = YES;
				CLANG_WARN_CONSTANT_CONVERSION = YES;
				CLANG_WARN_DEPRECATED_OBJC_IMPLEMENTATIONS = YES;
				CLANG_WARN_DIRECT_OBJC_ISA_USAGE = YES_ERROR;
				CLANG_WARN_DOCUMENTATION_COMMENTS = YES;
				CLANG_WARN_EMPTY_BODY = YES;
				CLANG_WARN_ENUM_CONVERSION = YES;
				CLANG_WARN_INFINITE_RECURSION = YES;
				CLANG_WARN_INT_CONVERSION = YES;
				CLANG_WARN_NON_LITERAL_NULL_CONVERSION = YES;
				CLANG_WARN_OBJC_IMPLICIT_RETAIN_SELF = YES;
				CLANG_WARN_OBJC_LITERAL_CONVERSION = YES;
				CLANG_WARN_OBJC_ROOT_CLASS = YES_ERROR;
				CLANG_WARN_RANGE_LOOP_ANALYSIS = YES;
				CLANG_WARN_STRICT_PROTOTYPES = YES;
				CLANG_WARN_SUSPICIOUS_MOVE = YES;
				CLANG_WARN_UNGUARDED_AVAILABILITY = YES_AGGRESSIVE;
				CLANG_WARN_UNREACHABLE_CODE = YES;
				CLANG_WARN__DUPLICATE_METHOD_MATCH = YES;
				CODE_SIGN_IDENTITY = "iPhone Developer";
				COPY_PHASE_STRIP = NO;
				DEBUG_INFORMATION_FORMAT = "dwarf-with-dsym";
				ENABLE_NS_ASSERTIONS = NO;
				ENABLE_STRICT_OBJC_MSGSEND = YES;
				GCC_C_LANGUAGE_STANDARD = gnu11;
				GCC_NO_COMMON_BLOCKS = YES;
				GCC_WARN_64_TO_32_BIT_CONVERSION = YES;
				GCC_WARN_ABOUT_RETURN_TYPE = YES_ERROR;
				GCC_WARN_UNDECLARED_SELECTOR = YES;
				GCC_WARN_UNINITIALIZED_AUTOS = YES_AGGRESSIVE;
				GCC_WARN_UNUSED_FUNCTION = YES;
				GCC_WARN_UNUSED_VARIABLE = YES;
				IPHONEOS_DEPLOYMENT_TARGET = 12.1;
				MTL_ENABLE_DEBUG_INFO = NO;
				MTL_FAST_MATH = YES;
				SDKROOT = iphoneos;
				SWIFT_COMPILATION_MODE = wholemodule;
				SWIFT_OPTIMIZATION_LEVEL = "-O";
				VALIDATE_PRODUCT = YES;
			};
			name = Release;
		};
		FA55A67A2245E5F300BE741F /* Debug */ = {
			isa = XCBuildConfiguration;
			buildSettings = {
				ASSETCATALOG_COMPILER_APPICON_NAME = AppIcon;
				CODE_SIGN_STYLE = Automatic;
				DEVELOPMENT_TEAM = N52Y358XD4;
				INFOPLIST_FILE = "Milestone: Projects 10-12/Info.plist";
				LD_RUNPATH_SEARCH_PATHS = (
					"$(inherited)",
					"@executable_path/Frameworks",
				);
				PRODUCT_BUNDLE_IDENTIFIER = "com.titanianinc.Milestone--Projects-10-12";
				PRODUCT_NAME = "$(TARGET_NAME)";
				SWIFT_VERSION = 4.2;
				TARGETED_DEVICE_FAMILY = "1,2";
			};
			name = Debug;
		};
		FA55A67B2245E5F300BE741F /* Release */ = {
			isa = XCBuildConfiguration;
			buildSettings = {
				ASSETCATALOG_COMPILER_APPICON_NAME = AppIcon;
				CODE_SIGN_STYLE = Automatic;
				DEVELOPMENT_TEAM = N52Y358XD4;
				INFOPLIST_FILE = "Milestone: Projects 10-12/Info.plist";
				LD_RUNPATH_SEARCH_PATHS = (
					"$(inherited)",
					"@executable_path/Frameworks",
				);
				PRODUCT_BUNDLE_IDENTIFIER = "com.titanianinc.Milestone--Projects-10-12";
				PRODUCT_NAME = "$(TARGET_NAME)";
				SWIFT_VERSION = 4.2;
				TARGETED_DEVICE_FAMILY = "1,2";
			};
			name = Release;
		};
/* End XCBuildConfiguration section */

/* Begin XCConfigurationList section */
		FA55A6622245E5F200BE741F /* Build configuration list for PBXProject "Milestone: Projects 10-12" */ = {
			isa = XCConfigurationList;
			buildConfigurations = (
				FA55A6772245E5F300BE741F /* Debug */,
				FA55A6782245E5F300BE741F /* Release */,
			);
			defaultConfigurationIsVisible = 0;
			defaultConfigurationName = Release;
		};
		FA55A6792245E5F300BE741F /* Build configuration list for PBXNativeTarget "Milestone: Projects 10-12" */ = {
			isa = XCConfigurationList;
			buildConfigurations = (
				FA55A67A2245E5F300BE741F /* Debug */,
				FA55A67B2245E5F300BE741F /* Release */,
			);
			defaultConfigurationIsVisible = 0;
			defaultConfigurationName = Release;
		};
/* End XCConfigurationList section */
	};
	rootObject = FA55A65F2245E5F200BE741F /* Project object */;
}
