// !$*UTF8*$!
{
	archiveVersion = 1;
	classes = {
	};
	objectVersion = 50;
	objects = {

/* Begin PBXBuildFile section */
		FA3A58A722658AFA00235AE5 /* AppDelegate.swift in Sources */ = {isa = PBXBuildFile; fileRef = FA3A58A622658AFA00235AE5 /* AppDelegate.swift */; };
		FA3A58A922658AFA00235AE5 /* ViewController.swift in Sources */ = {isa = PBXBuildFile; fileRef = FA3A58A822658AFA00235AE5 /* ViewController.swift */; };
		FA3A58AC22658AFA00235AE5 /* Main.storyboard in Resources */ = {isa = PBXBuildFile; fileRef = FA3A58AA22658AFA00235AE5 /* Main.storyboard */; };
		FA3A58AE22658AFA00235AE5 /* Assets.xcassets in Resources */ = {isa = PBXBuildFile; fileRef = FA3A58AD22658AFA00235AE5 /* Assets.xcassets */; };
		FA3A58B122658AFA00235AE5 /* LaunchScreen.storyboard in Resources */ = {isa = PBXBuildFile; fileRef = FA3A58AF22658AFA00235AE5 /* LaunchScreen.storyboard */; };
		FA3A58B922658BCE00235AE5 /* Notes.swift in Sources */ = {isa = PBXBuildFile; fileRef = FA3A58B822658BCE00235AE5 /* Notes.swift */; };
		FA3A58BB22658FAF00235AE5 /* NotesText.swift in Sources */ = {isa = PBXBuildFile; fileRef = FA3A58BA22658FAF00235AE5 /* NotesText.swift */; };
/* End PBXBuildFile section */

/* Begin PBXFileReference section */
		FA3A58A322658AFA00235AE5 /* Milestone_Project_19-21.app */ = {isa = PBXFileReference; explicitFileType = wrapper.application; includeInIndex = 0; path = "Milestone_Project_19-21.app"; sourceTree = BUILT_PRODUCTS_DIR; };
		FA3A58A622658AFA00235AE5 /* AppDelegate.swift */ = {isa = PBXFileReference; lastKnownFileType = sourcecode.swift; path = AppDelegate.swift; sourceTree = "<group>"; };
		FA3A58A822658AFA00235AE5 /* ViewController.swift */ = {isa = PBXFileReference; lastKnownFileType = sourcecode.swift; path = ViewController.swift; sourceTree = "<group>"; };
		FA3A58AB22658AFA00235AE5 /* Base */ = {isa = PBXFileReference; lastKnownFileType = file.storyboard; name = Base; path = Base.lproj/Main.storyboard; sourceTree = "<group>"; };
		FA3A58AD22658AFA00235AE5 /* Assets.xcassets */ = {isa = PBXFileReference; lastKnownFileType = folder.assetcatalog; path = Assets.xcassets; sourceTree = "<group>"; };
		FA3A58B022658AFA00235AE5 /* Base */ = {isa = PBXFileReference; lastKnownFileType = file.storyboard; name = Base; path = Base.lproj/LaunchScreen.storyboard; sourceTree = "<group>"; };
		FA3A58B222658AFA00235AE5 /* Info.plist */ = {isa = PBXFileReference; lastKnownFileType = text.plist.xml; path = Info.plist; sourceTree = "<group>"; };
		FA3A58B822658BCE00235AE5 /* Notes.swift */ = {isa = PBXFileReference; lastKnownFileType = sourcecode.swift; path = Notes.swift; sourceTree = "<group>"; };
		FA3A58BA22658FAF00235AE5 /* NotesText.swift */ = {isa = PBXFileReference; lastKnownFileType = sourcecode.swift; path = NotesText.swift; sourceTree = "<group>"; };
/* End PBXFileReference section */

/* Begin PBXFrameworksBuildPhase section */
		FA3A58A022658AFA00235AE5 /* Frameworks */ = {
			isa = PBXFrameworksBuildPhase;
			buildActionMask = 2147483647;
			files = (
			);
			runOnlyForDeploymentPostprocessing = 0;
		};
/* End PBXFrameworksBuildPhase section */

/* Begin PBXGroup section */
		FA3A589A22658AFA00235AE5 = {
			isa = PBXGroup;
			children = (
				FA3A58A522658AFA00235AE5 /* Milestone_Project_19-21 */,
				FA3A58A422658AFA00235AE5 /* Products */,
			);
			sourceTree = "<group>";
		};
		FA3A58A422658AFA00235AE5 /* Products */ = {
			isa = PBXGroup;
			children = (
				FA3A58A322658AFA00235AE5 /* Milestone_Project_19-21.app */,
			);
			name = Products;
			sourceTree = "<group>";
		};
		FA3A58A522658AFA00235AE5 /* Milestone_Project_19-21 */ = {
			isa = PBXGroup;
			children = (
				FA3A58A622658AFA00235AE5 /* AppDelegate.swift */,
				FA3A58A822658AFA00235AE5 /* ViewController.swift */,
				FA3A58B822658BCE00235AE5 /* Notes.swift */,
				FA3A58AA22658AFA00235AE5 /* Main.storyboard */,
				FA3A58BA22658FAF00235AE5 /* NotesText.swift */,
				FA3A58AD22658AFA00235AE5 /* Assets.xcassets */,
				FA3A58AF22658AFA00235AE5 /* LaunchScreen.storyboard */,
				FA3A58B222658AFA00235AE5 /* Info.plist */,
			);
			path = "Milestone_Project_19-21";
			sourceTree = "<group>";
		};
/* End PBXGroup section */

/* Begin PBXNativeTarget section */
		FA3A58A222658AFA00235AE5 /* Milestone_Project_19-21 */ = {
			isa = PBXNativeTarget;
			buildConfigurationList = FA3A58B522658AFA00235AE5 /* Build configuration list for PBXNativeTarget "Milestone_Project_19-21" */;
			buildPhases = (
				FA3A589F22658AFA00235AE5 /* Sources */,
				FA3A58A022658AFA00235AE5 /* Frameworks */,
				FA3A58A122658AFA00235AE5 /* Resources */,
			);
			buildRules = (
			);
			dependencies = (
			);
			name = "Milestone_Project_19-21";
			productName = "Milestone_Project_19-21";
			productReference = FA3A58A322658AFA00235AE5 /* Milestone_Project_19-21.app */;
			productType = "com.apple.product-type.application";
		};
/* End PBXNativeTarget section */

/* Begin PBXProject section */
		FA3A589B22658AFA00235AE5 /* Project object */ = {
			isa = PBXProject;
			attributes = {
				LastSwiftUpdateCheck = 1020;
				LastUpgradeCheck = 1020;
				ORGANIZATIONNAME = "Titanian Inc";
				TargetAttributes = {
					FA3A58A222658AFA00235AE5 = {
						CreatedOnToolsVersion = 10.2;
					};
				};
			};
			buildConfigurationList = FA3A589E22658AFA00235AE5 /* Build configuration list for PBXProject "Milestone_Project_19-21" */;
			compatibilityVersion = "Xcode 9.3";
			developmentRegion = en;
			hasScannedForEncodings = 0;
			knownRegions = (
				en,
				Base,
			);
			mainGroup = FA3A589A22658AFA00235AE5;
			productRefGroup = FA3A58A422658AFA00235AE5 /* Products */;
			projectDirPath = "";
			projectRoot = "";
			targets = (
				FA3A58A222658AFA00235AE5 /* Milestone_Project_19-21 */,
			);
		};
/* End PBXProject section */

/* Begin PBXResourcesBuildPhase section */
		FA3A58A122658AFA00235AE5 /* Resources */ = {
			isa = PBXResourcesBuildPhase;
			buildActionMask = 2147483647;
			files = (
				FA3A58B122658AFA00235AE5 /* LaunchScreen.storyboard in Resources */,
				FA3A58AE22658AFA00235AE5 /* Assets.xcassets in Resources */,
				FA3A58AC22658AFA00235AE5 /* Main.storyboard in Resources */,
			);
			runOnlyForDeploymentPostprocessing = 0;
		};
/* End PBXResourcesBuildPhase section */

/* Begin PBXSourcesBuildPhase section */
		FA3A589F22658AFA00235AE5 /* Sources */ = {
			isa = PBXSourcesBuildPhase;
			buildActionMask = 2147483647;
			files = (
				FA3A58BB22658FAF00235AE5 /* NotesText.swift in Sources */,
				FA3A58A922658AFA00235AE5 /* ViewController.swift in Sources */,
				FA3A58A722658AFA00235AE5 /* AppDelegate.swift in Sources */,
				FA3A58B922658BCE00235AE5 /* Notes.swift in Sources */,
			);
			runOnlyForDeploymentPostprocessing = 0;
		};
/* End PBXSourcesBuildPhase section */

/* Begin PBXVariantGroup section */
		FA3A58AA22658AFA00235AE5 /* Main.storyboard */ = {
			isa = PBXVariantGroup;
			children = (
				FA3A58AB22658AFA00235AE5 /* Base */,
			);
			name = Main.storyboard;
			sourceTree = "<group>";
		};
		FA3A58AF22658AFA00235AE5 /* LaunchScreen.storyboard */ = {
			isa = PBXVariantGroup;
			children = (
				FA3A58B022658AFA00235AE5 /* Base */,
			);
			name = LaunchScreen.storyboard;
			sourceTree = "<group>";
		};
/* End PBXVariantGroup section */

/* Begin XCBuildConfiguration section */
		FA3A58B322658AFA00235AE5 /* Debug */ = {
			isa = XCBuildConfiguration;
			buildSettings = {
				ALWAYS_SEARCH_USER_PATHS = NO;
				CLANG_ANALYZER_NONNULL = YES;
				CLANG_ANALYZER_NUMBER_OBJECT_CONVERSION = YES_AGGRESSIVE;
				CLANG_CXX_LANGUAGE_STANDARD = "gnu++14";
				CLANG_CXX_LIBRARY = "libc++";
				CLANG_ENABLE_MODULES = YES;
				CLANG_ENABLE_OBJC_ARC = YES;
				CLANG_ENABLE_OBJC_WEAK = YES;
				CLANG_WARN_BLOCK_CAPTURE_AUTORELEASING = YES;
				CLANG_WARN_BOOL_CONVERSION = YES;
				CLANG_WARN_COMMA = YES;
				CLANG_WARN_CONSTANT_CONVERSION = YES;
				CLANG_WARN_DEPRECATED_OBJC_IMPLEMENTATIONS = YES;
				CLANG_WARN_DIRECT_OBJC_ISA_USAGE = YES_ERROR;
				CLANG_WARN_DOCUMENTATION_COMMENTS = YES;
				CLANG_WARN_EMPTY_BODY = YES;
				CLANG_WARN_ENUM_CONVERSION = YES;
				CLANG_WARN_INFINITE_RECURSION = YES;
				CLANG_WARN_INT_CONVERSION = YES;
				CLANG_WARN_NON_LITERAL_NULL_CONVERSION = YES;
				CLANG_WARN_OBJC_IMPLICIT_RETAIN_SELF = YES;
				CLANG_WARN_OBJC_LITERAL_CONVERSION = YES;
				CLANG_WARN_OBJC_ROOT_CLASS = YES_ERROR;
				CLANG_WARN_RANGE_LOOP_ANALYSIS = YES;
				CLANG_WARN_STRICT_PROTOTYPES = YES;
				CLANG_WARN_SUSPICIOUS_MOVE = YES;
				CLANG_WARN_UNGUARDED_AVAILABILITY = YES_AGGRESSIVE;
				CLANG_WARN_UNREACHABLE_CODE = YES;
				CLANG_WARN__DUPLICATE_METHOD_MATCH = YES;
				CODE_SIGN_IDENTITY = "iPhone Developer";
				COPY_PHASE_STRIP = NO;
				DEBUG_INFORMATION_FORMAT = dwarf;
				ENABLE_STRICT_OBJC_MSGSEND = YES;
				ENABLE_TESTABILITY = YES;
				GCC_C_LANGUAGE_STANDARD = gnu11;
				GCC_DYNAMIC_NO_PIC = NO;
				GCC_NO_COMMON_BLOCKS = YES;
				GCC_OPTIMIZATION_LEVEL = 0;
				GCC_PREPROCESSOR_DEFINITIONS = (
					"DEBUG=1",
					"$(inherited)",
				);
				GCC_WARN_64_TO_32_BIT_CONVERSION = YES;
				GCC_WARN_ABOUT_RETURN_TYPE = YES_ERROR;
				GCC_WARN_UNDECLARED_SELECTOR = YES;
				GCC_WARN_UNINITIALIZED_AUTOS = YES_AGGRESSIVE;
				GCC_WARN_UNUSED_FUNCTION = YES;
				GCC_WARN_UNUSED_VARIABLE = YES;
				IPHONEOS_DEPLOYMENT_TARGET = 12.2;
				MTL_ENABLE_DEBUG_INFO = INCLUDE_SOURCE;
				MTL_FAST_MATH = YES;
				ONLY_ACTIVE_ARCH = YES;
				SDKROOT = iphoneos;
				SWIFT_ACTIVE_COMPILATION_CONDITIONS = DEBUG;
				SWIFT_OPTIMIZATION_LEVEL = "-Onone";
			};
			name = Debug;
		};
		FA3A58B422658AFA00235AE5 /* Release */ = {
			isa = XCBuildConfiguration;
			buildSettings = {
				ALWAYS_SEARCH_USER_PATHS = NO;
				CLANG_ANALYZER_NONNULL = YES;
				CLANG_ANALYZER_NUMBER_OBJECT_CONVERSION = YES_AGGRESSIVE;
				CLANG_CXX_LANGUAGE_STANDARD = "gnu++14";
				CLANG_CXX_LIBRARY = "libc++";
				CLANG_ENABLE_MODULES = YES;
				CLANG_ENABLE_OBJC_ARC = YES;
				CLANG_ENABLE_OBJC_WEAK = YES;
				CLANG_WARN_BLOCK_CAPTURE_AUTORELEASING = YES;
				CLANG_WARN_BOOL_CONVERSION = YES;
				CLANG_WARN_COMMA = YES;
				CLANG_WARN_CONSTANT_CONVERSION = YES;
				CLANG_WARN_DEPRECATED_OBJC_IMPLEMENTATIONS = YES;
				CLANG_WARN_DIRECT_OBJC_ISA_USAGE = YES_ERROR;
				CLANG_WARN_DOCUMENTATION_COMMENTS = YES;
				CLANG_WARN_EMPTY_BODY = YES;
				CLANG_WARN_ENUM_CONVERSION = YES;
				CLANG_WARN_INFINITE_RECURSION = YES;
				CLANG_WARN_INT_CONVERSION = YES;
				CLANG_WARN_NON_LITERAL_NULL_CONVERSION = YES;
				CLANG_WARN_OBJC_IMPLICIT_RETAIN_SELF = YES;
				CLANG_WARN_OBJC_LITERAL_CONVERSION = YES;
				CLANG_WARN_OBJC_ROOT_CLASS = YES_ERROR;
				CLANG_WARN_RANGE_LOOP_ANALYSIS = YES;
				CLANG_WARN_STRICT_PROTOTYPES = YES;
				CLANG_WARN_SUSPICIOUS_MOVE = YES;
				CLANG_WARN_UNGUARDED_AVAILABILITY = YES_AGGRESSIVE;
				CLANG_WARN_UNREACHABLE_CODE = YES;
				CLANG_WARN__DUPLICATE_METHOD_MATCH = YES;
				CODE_SIGN_IDENTITY = "iPhone Developer";
				COPY_PHASE_STRIP = NO;
				DEBUG_INFORMATION_FORMAT = "dwarf-with-dsym";
				ENABLE_NS_ASSERTIONS = NO;
				ENABLE_STRICT_OBJC_MSGSEND = YES;
				GCC_C_LANGUAGE_STANDARD = gnu11;
				GCC_NO_COMMON_BLOCKS = YES;
				GCC_WARN_64_TO_32_BIT_CONVERSION = YES;
				GCC_WARN_ABOUT_RETURN_TYPE = YES_ERROR;
				GCC_WARN_UNDECLARED_SELECTOR = YES;
				GCC_WARN_UNINITIALIZED_AUTOS = YES_AGGRESSIVE;
				GCC_WARN_UNUSED_FUNCTION = YES;
				GCC_WARN_UNUSED_VARIABLE = YES;
				IPHONEOS_DEPLOYMENT_TARGET = 12.2;
				MTL_ENABLE_DEBUG_INFO = NO;
				MTL_FAST_MATH = YES;
				SDKROOT = iphoneos;
				SWIFT_COMPILATION_MODE = wholemodule;
				SWIFT_OPTIMIZATION_LEVEL = "-O";
				VALIDATE_PRODUCT = YES;
			};
			name = Release;
		};
		FA3A58B622658AFA00235AE5 /* Debug */ = {
			isa = XCBuildConfiguration;
			buildSettings = {
				ASSETCATALOG_COMPILER_APPICON_NAME = AppIcon;
				CODE_SIGN_STYLE = Automatic;
				DEVELOPMENT_TEAM = 29J6W54RW6;
				INFOPLIST_FILE = "Milestone_Project_19-21/Info.plist";
				LD_RUNPATH_SEARCH_PATHS = (
					"$(inherited)",
					"@executable_path/Frameworks",
				);
				PRODUCT_BUNDLE_IDENTIFIER = "com.titanianinc.Milestone-Project-19-21";
				PRODUCT_NAME = "$(TARGET_NAME)";
				SWIFT_VERSION = 5.0;
				TARGETED_DEVICE_FAMILY = 1;
			};
			name = Debug;
		};
		FA3A58B722658AFA00235AE5 /* Release */ = {
			isa = XCBuildConfiguration;
			buildSettings = {
				ASSETCATALOG_COMPILER_APPICON_NAME = AppIcon;
				CODE_SIGN_STYLE = Automatic;
				DEVELOPMENT_TEAM = 29J6W54RW6;
				INFOPLIST_FILE = "Milestone_Project_19-21/Info.plist";
				LD_RUNPATH_SEARCH_PATHS = (
					"$(inherited)",
					"@executable_path/Frameworks",
				);
				PRODUCT_BUNDLE_IDENTIFIER = "com.titanianinc.Milestone-Project-19-21";
				PRODUCT_NAME = "$(TARGET_NAME)";
				SWIFT_VERSION = 5.0;
				TARGETED_DEVICE_FAMILY = 1;
			};
			name = Release;
		};
/* End XCBuildConfiguration section */

/* Begin XCConfigurationList section */
		FA3A589E22658AFA00235AE5 /* Build configuration list for PBXProject "Milestone_Project_19-21" */ = {
			isa = XCConfigurationList;
			buildConfigurations = (
				FA3A58B322658AFA00235AE5 /* Debug */,
				FA3A58B422658AFA00235AE5 /* Release */,
			);
			defaultConfigurationIsVisible = 0;
			defaultConfigurationName = Release;
		};
		FA3A58B522658AFA00235AE5 /* Build configuration list for PBXNativeTarget "Milestone_Project_19-21" */ = {
			isa = XCConfigurationList;
			buildConfigurations = (
				FA3A58B622658AFA00235AE5 /* Debug */,
				FA3A58B722658AFA00235AE5 /* Release */,
			);
			defaultConfigurationIsVisible = 0;
			defaultConfigurationName = Release;
		};
/* End XCConfigurationList section */
	};
	rootObject = FA3A589B22658AFA00235AE5 /* Project object */;
}
