// !$*UTF8*$!
{
	archiveVersion = 1;
	classes = {
	};
	objectVersion = 50;
	objects = {

/* Begin PBXBuildFile section */
		FA25B1E5224DD1E400D39E23 /* whack.caf in Resources */ = {isa = PBXBuildFile; fileRef = FAF3D1D7224C8330009FB9F7 /* whack.caf */; };
		FA25B1E6224DD1E700D39E23 /* whackBad.caf in Resources */ = {isa = PBXBuildFile; fileRef = FAF3D1D8224C8330009FB9F7 /* whackBad.caf */; };
		FA25B1E8224DD66F00D39E23 /* SmokeParticles.sks in Resources */ = {isa = PBXBuildFile; fileRef = FA25B1E7224DD66F00D39E23 /* SmokeParticles.sks */; };
		FAF3D1C0224C816F009FB9F7 /* AppDelegate.swift in Sources */ = {isa = PBXBuildFile; fileRef = FAF3D1BF224C816F009FB9F7 /* AppDelegate.swift */; };
		FAF3D1C2224C816F009FB9F7 /* GameScene.sks in Resources */ = {isa = PBXBuildFile; fileRef = FAF3D1C1224C816F009FB9F7 /* GameScene.sks */; };
		FAF3D1C6224C816F009FB9F7 /* GameScene.swift in Sources */ = {isa = PBXBuildFile; fileRef = FAF3D1C5224C816F009FB9F7 /* GameScene.swift */; };
		FAF3D1C8224C816F009FB9F7 /* GameViewController.swift in Sources */ = {isa = PBXBuildFile; fileRef = FAF3D1C7224C816F009FB9F7 /* GameViewController.swift */; };
		FAF3D1CB224C816F009FB9F7 /* Main.storyboard in Resources */ = {isa = PBXBuildFile; fileRef = FAF3D1C9224C816F009FB9F7 /* Main.storyboard */; };
		FAF3D1CD224C8171009FB9F7 /* Assets.xcassets in Resources */ = {isa = PBXBuildFile; fileRef = FAF3D1CC224C8171009FB9F7 /* Assets.xcassets */; };
		FAF3D1D0224C8171009FB9F7 /* LaunchScreen.storyboard in Resources */ = {isa = PBXBuildFile; fileRef = FAF3D1CE224C8171009FB9F7 /* LaunchScreen.storyboard */; };
		FAF3D1DA224C865D009FB9F7 /* WhackSlot.swift in Sources */ = {isa = PBXBuildFile; fileRef = FAF3D1D9224C865D009FB9F7 /* WhackSlot.swift */; };
/* End PBXBuildFile section */

/* Begin PBXFileReference section */
		FA25B1E7224DD66F00D39E23 /* SmokeParticles.sks */ = {isa = PBXFileReference; lastKnownFileType = file.sks; path = SmokeParticles.sks; sourceTree = "<group>"; };
		FAF3D1BC224C816F009FB9F7 /* Project14.app */ = {isa = PBXFileReference; explicitFileType = wrapper.application; includeInIndex = 0; path = Project14.app; sourceTree = BUILT_PRODUCTS_DIR; };
		FAF3D1BF224C816F009FB9F7 /* AppDelegate.swift */ = {isa = PBXFileReference; lastKnownFileType = sourcecode.swift; path = AppDelegate.swift; sourceTree = "<group>"; };
		FAF3D1C1224C816F009FB9F7 /* GameScene.sks */ = {isa = PBXFileReference; lastKnownFileType = file.sks; path = GameScene.sks; sourceTree = "<group>"; };
		FAF3D1C5224C816F009FB9F7 /* GameScene.swift */ = {isa = PBXFileReference; lastKnownFileType = sourcecode.swift; path = GameScene.swift; sourceTree = "<group>"; };
		FAF3D1C7224C816F009FB9F7 /* GameViewController.swift */ = {isa = PBXFileReference; lastKnownFileType = sourcecode.swift; path = GameViewController.swift; sourceTree = "<group>"; };
		FAF3D1CA224C816F009FB9F7 /* Base */ = {isa = PBXFileReference; lastKnownFileType = file.storyboard; name = Base; path = Base.lproj/Main.storyboard; sourceTree = "<group>"; };
		FAF3D1CC224C8171009FB9F7 /* Assets.xcassets */ = {isa = PBXFileReference; lastKnownFileType = folder.assetcatalog; path = Assets.xcassets; sourceTree = "<group>"; };
		FAF3D1CF224C8171009FB9F7 /* Base */ = {isa = PBXFileReference; lastKnownFileType = file.storyboard; name = Base; path = Base.lproj/LaunchScreen.storyboard; sourceTree = "<group>"; };
		FAF3D1D1224C8171009FB9F7 /* Info.plist */ = {isa = PBXFileReference; lastKnownFileType = text.plist.xml; path = Info.plist; sourceTree = "<group>"; };
		FAF3D1D7224C8330009FB9F7 /* whack.caf */ = {isa = PBXFileReference; lastKnownFileType = file; path = whack.caf; sourceTree = "<group>"; };
		FAF3D1D8224C8330009FB9F7 /* whackBad.caf */ = {isa = PBXFileReference; lastKnownFileType = file; path = whackBad.caf; sourceTree = "<group>"; };
		FAF3D1D9224C865D009FB9F7 /* WhackSlot.swift */ = {isa = PBXFileReference; lastKnownFileType = sourcecode.swift; path = WhackSlot.swift; sourceTree = "<group>"; };
/* End PBXFileReference section */

/* Begin PBXFrameworksBuildPhase section */
		FAF3D1B9224C816F009FB9F7 /* Frameworks */ = {
			isa = PBXFrameworksBuildPhase;
			buildActionMask = 2147483647;
			files = (
			);
			runOnlyForDeploymentPostprocessing = 0;
		};
/* End PBXFrameworksBuildPhase section */

/* Begin PBXGroup section */
		FAF3D1B3224C816F009FB9F7 = {
			isa = PBXGroup;
			children = (
				FAF3D1BE224C816F009FB9F7 /* Project14 */,
				FAF3D1BD224C816F009FB9F7 /* Products */,
			);
			sourceTree = "<group>";
		};
		FAF3D1BD224C816F009FB9F7 /* Products */ = {
			isa = PBXGroup;
			children = (
				FAF3D1BC224C816F009FB9F7 /* Project14.app */,
			);
			name = Products;
			sourceTree = "<group>";
		};
		FAF3D1BE224C816F009FB9F7 /* Project14 */ = {
			isa = PBXGroup;
			children = (
				FAF3D1BF224C816F009FB9F7 /* AppDelegate.swift */,
				FAF3D1C1224C816F009FB9F7 /* GameScene.sks */,
				FAF3D1C5224C816F009FB9F7 /* GameScene.swift */,
				FAF3D1C7224C816F009FB9F7 /* GameViewController.swift */,
				FAF3D1D9224C865D009FB9F7 /* WhackSlot.swift */,
				FA25B1E7224DD66F00D39E23 /* SmokeParticles.sks */,
				FAF3D1C9224C816F009FB9F7 /* Main.storyboard */,
				FAF3D1CC224C8171009FB9F7 /* Assets.xcassets */,
				FAF3D1CE224C8171009FB9F7 /* LaunchScreen.storyboard */,
				FAF3D1D1224C8171009FB9F7 /* Info.plist */,
				FAF3D1D7224C8330009FB9F7 /* whack.caf */,
				FAF3D1D8224C8330009FB9F7 /* whackBad.caf */,
			);
			path = Project14;
			sourceTree = "<group>";
		};
/* End PBXGroup section */

/* Begin PBXNativeTarget section */
		FAF3D1BB224C816F009FB9F7 /* Project14 */ = {
			isa = PBXNativeTarget;
			buildConfigurationList = FAF3D1D4224C8171009FB9F7 /* Build configuration list for PBXNativeTarget "Project14" */;
			buildPhases = (
				FAF3D1B8224C816F009FB9F7 /* Sources */,
				FAF3D1B9224C816F009FB9F7 /* Frameworks */,
				FAF3D1BA224C816F009FB9F7 /* Resources */,
			);
			buildRules = (
			);
			dependencies = (
			);
			name = Project14;
			productName = Project14;
			productReference = FAF3D1BC224C816F009FB9F7 /* Project14.app */;
			productType = "com.apple.product-type.application";
		};
/* End PBXNativeTarget section */

/* Begin PBXProject section */
		FAF3D1B4224C816F009FB9F7 /* Project object */ = {
			isa = PBXProject;
			attributes = {
				LastSwiftUpdateCheck = 1020;
				LastUpgradeCheck = 1020;
				ORGANIZATIONNAME = "Titanian Inc";
				TargetAttributes = {
					FAF3D1BB224C816F009FB9F7 = {
						CreatedOnToolsVersion = 10.2;
					};
				};
			};
			buildConfigurationList = FAF3D1B7224C816F009FB9F7 /* Build configuration list for PBXProject "Project14" */;
			compatibilityVersion = "Xcode 9.3";
			developmentRegion = en;
			hasScannedForEncodings = 0;
			knownRegions = (
				en,
				Base,
			);
			mainGroup = FAF3D1B3224C816F009FB9F7;
			productRefGroup = FAF3D1BD224C816F009FB9F7 /* Products */;
			projectDirPath = "";
			projectRoot = "";
			targets = (
				FAF3D1BB224C816F009FB9F7 /* Project14 */,
			);
		};
/* End PBXProject section */

/* Begin PBXResourcesBuildPhase section */
		FAF3D1BA224C816F009FB9F7 /* Resources */ = {
			isa = PBXResourcesBuildPhase;
			buildActionMask = 2147483647;
			files = (
				FA25B1E8224DD66F00D39E23 /* SmokeParticles.sks in Resources */,
				FAF3D1CB224C816F009FB9F7 /* Main.storyboard in Resources */,
				FA25B1E5224DD1E400D39E23 /* whack.caf in Resources */,
				FAF3D1C2224C816F009FB9F7 /* GameScene.sks in Resources */,
				FAF3D1CD224C8171009FB9F7 /* Assets.xcassets in Resources */,
				FAF3D1D0224C8171009FB9F7 /* LaunchScreen.storyboard in Resources */,
				FA25B1E6224DD1E700D39E23 /* whackBad.caf in Resources */,
			);
			runOnlyForDeploymentPostprocessing = 0;
		};
/* End PBXResourcesBuildPhase section */

/* Begin PBXSourcesBuildPhase section */
		FAF3D1B8224C816F009FB9F7 /* Sources */ = {
			isa = PBXSourcesBuildPhase;
			buildActionMask = 2147483647;
			files = (
				FAF3D1C6224C816F009FB9F7 /* GameScene.swift in Sources */,
				FAF3D1C8224C816F009FB9F7 /* GameViewController.swift in Sources */,
				FAF3D1DA224C865D009FB9F7 /* WhackSlot.swift in Sources */,
				FAF3D1C0224C816F009FB9F7 /* AppDelegate.swift in Sources */,
			);
			runOnlyForDeploymentPostprocessing = 0;
		};
/* End PBXSourcesBuildPhase section */

/* Begin PBXVariantGroup section */
		FAF3D1C9224C816F009FB9F7 /* Main.storyboard */ = {
			isa = PBXVariantGroup;
			children = (
				FAF3D1CA224C816F009FB9F7 /* Base */,
			);
			name = Main.storyboard;
			sourceTree = "<group>";
		};
		FAF3D1CE224C8171009FB9F7 /* LaunchScreen.storyboard */ = {
			isa = PBXVariantGroup;
			children = (
				FAF3D1CF224C8171009FB9F7 /* Base */,
			);
			name = LaunchScreen.storyboard;
			sourceTree = "<group>";
		};
/* End PBXVariantGroup section */

/* Begin XCBuildConfiguration section */
		FAF3D1D2224C8171009FB9F7 /* Debug */ = {
			isa = XCBuildConfiguration;
			buildSettings = {
				ALWAYS_SEARCH_USER_PATHS = NO;
				CLANG_ANALYZER_NONNULL = YES;
				CLANG_ANALYZER_NUMBER_OBJECT_CONVERSION = YES_AGGRESSIVE;
				CLANG_CXX_LANGUAGE_STANDARD = "gnu++14";
				CLANG_CXX_LIBRARY = "libc++";
				CLANG_ENABLE_MODULES = YES;
				CLANG_ENABLE_OBJC_ARC = YES;
				CLANG_ENABLE_OBJC_WEAK = YES;
				CLANG_WARN_BLOCK_CAPTURE_AUTORELEASING = YES;
				CLANG_WARN_BOOL_CONVERSION = YES;
				CLANG_WARN_COMMA = YES;
				CLANG_WARN_CONSTANT_CONVERSION = YES;
				CLANG_WARN_DEPRECATED_OBJC_IMPLEMENTATIONS = YES;
				CLANG_WARN_DIRECT_OBJC_ISA_USAGE = YES_ERROR;
				CLANG_WARN_DOCUMENTATION_COMMENTS = YES;
				CLANG_WARN_EMPTY_BODY = YES;
				CLANG_WARN_ENUM_CONVERSION = YES;
				CLANG_WARN_INFINITE_RECURSION = YES;
				CLANG_WARN_INT_CONVERSION = YES;
				CLANG_WARN_NON_LITERAL_NULL_CONVERSION = YES;
				CLANG_WARN_OBJC_IMPLICIT_RETAIN_SELF = YES;
				CLANG_WARN_OBJC_LITERAL_CONVERSION = YES;
				CLANG_WARN_OBJC_ROOT_CLASS = YES_ERROR;
				CLANG_WARN_RANGE_LOOP_ANALYSIS = YES;
				CLANG_WARN_STRICT_PROTOTYPES = YES;
				CLANG_WARN_SUSPICIOUS_MOVE = YES;
				CLANG_WARN_UNGUARDED_AVAILABILITY = YES_AGGRESSIVE;
				CLANG_WARN_UNREACHABLE_CODE = YES;
				CLANG_WARN__DUPLICATE_METHOD_MATCH = YES;
				CODE_SIGN_IDENTITY = "iPhone Developer";
				COPY_PHASE_STRIP = NO;
				DEBUG_INFORMATION_FORMAT = dwarf;
				ENABLE_STRICT_OBJC_MSGSEND = YES;
				ENABLE_TESTABILITY = YES;
				GCC_C_LANGUAGE_STANDARD = gnu11;
				GCC_DYNAMIC_NO_PIC = NO;
				GCC_NO_COMMON_BLOCKS = YES;
				GCC_OPTIMIZATION_LEVEL = 0;
				GCC_PREPROCESSOR_DEFINITIONS = (
					"DEBUG=1",
					"$(inherited)",
				);
				GCC_WARN_64_TO_32_BIT_CONVERSION = YES;
				GCC_WARN_ABOUT_RETURN_TYPE = YES_ERROR;
				GCC_WARN_UNDECLARED_SELECTOR = YES;
				GCC_WARN_UNINITIALIZED_AUTOS = YES_AGGRESSIVE;
				GCC_WARN_UNUSED_FUNCTION = YES;
				GCC_WARN_UNUSED_VARIABLE = YES;
				IPHONEOS_DEPLOYMENT_TARGET = 12.2;
				MTL_ENABLE_DEBUG_INFO = INCLUDE_SOURCE;
				MTL_FAST_MATH = YES;
				ONLY_ACTIVE_ARCH = YES;
				SDKROOT = iphoneos;
				SWIFT_ACTIVE_COMPILATION_CONDITIONS = DEBUG;
				SWIFT_OPTIMIZATION_LEVEL = "-Onone";
			};
			name = Debug;
		};
		FAF3D1D3224C8171009FB9F7 /* Release */ = {
			isa = XCBuildConfiguration;
			buildSettings = {
				ALWAYS_SEARCH_USER_PATHS = NO;
				CLANG_ANALYZER_NONNULL = YES;
				CLANG_ANALYZER_NUMBER_OBJECT_CONVERSION = YES_AGGRESSIVE;
				CLANG_CXX_LANGUAGE_STANDARD = "gnu++14";
				CLANG_CXX_LIBRARY = "libc++";
				CLANG_ENABLE_MODULES = YES;
				CLANG_ENABLE_OBJC_ARC = YES;
				CLANG_ENABLE_OBJC_WEAK = YES;
				CLANG_WARN_BLOCK_CAPTURE_AUTORELEASING = YES;
				CLANG_WARN_BOOL_CONVERSION = YES;
				CLANG_WARN_COMMA = YES;
				CLANG_WARN_CONSTANT_CONVERSION = YES;
				CLANG_WARN_DEPRECATED_OBJC_IMPLEMENTATIONS = YES;
				CLANG_WARN_DIRECT_OBJC_ISA_USAGE = YES_ERROR;
				CLANG_WARN_DOCUMENTATION_COMMENTS = YES;
				CLANG_WARN_EMPTY_BODY = YES;
				CLANG_WARN_ENUM_CONVERSION = YES;
				CLANG_WARN_INFINITE_RECURSION = YES;
				CLANG_WARN_INT_CONVERSION = YES;
				CLANG_WARN_NON_LITERAL_NULL_CONVERSION = YES;
				CLANG_WARN_OBJC_IMPLICIT_RETAIN_SELF = YES;
				CLANG_WARN_OBJC_LITERAL_CONVERSION = YES;
				CLANG_WARN_OBJC_ROOT_CLASS = YES_ERROR;
				CLANG_WARN_RANGE_LOOP_ANALYSIS = YES;
				CLANG_WARN_STRICT_PROTOTYPES = YES;
				CLANG_WARN_SUSPICIOUS_MOVE = YES;
				CLANG_WARN_UNGUARDED_AVAILABILITY = YES_AGGRESSIVE;
				CLANG_WARN_UNREACHABLE_CODE = YES;
				CLANG_WARN__DUPLICATE_METHOD_MATCH = YES;
				CODE_SIGN_IDENTITY = "iPhone Developer";
				COPY_PHASE_STRIP = NO;
				DEBUG_INFORMATION_FORMAT = "dwarf-with-dsym";
				ENABLE_NS_ASSERTIONS = NO;
				ENABLE_STRICT_OBJC_MSGSEND = YES;
				GCC_C_LANGUAGE_STANDARD = gnu11;
				GCC_NO_COMMON_BLOCKS = YES;
				GCC_WARN_64_TO_32_BIT_CONVERSION = YES;
				GCC_WARN_ABOUT_RETURN_TYPE = YES_ERROR;
				GCC_WARN_UNDECLARED_SELECTOR = YES;
				GCC_WARN_UNINITIALIZED_AUTOS = YES_AGGRESSIVE;
				GCC_WARN_UNUSED_FUNCTION = YES;
				GCC_WARN_UNUSED_VARIABLE = YES;
				IPHONEOS_DEPLOYMENT_TARGET = 12.2;
				MTL_ENABLE_DEBUG_INFO = NO;
				MTL_FAST_MATH = YES;
				SDKROOT = iphoneos;
				SWIFT_COMPILATION_MODE = wholemodule;
				SWIFT_OPTIMIZATION_LEVEL = "-O";
				VALIDATE_PRODUCT = YES;
			};
			name = Release;
		};
		FAF3D1D5224C8171009FB9F7 /* Debug */ = {
			isa = XCBuildConfiguration;
			buildSettings = {
				ASSETCATALOG_COMPILER_APPICON_NAME = AppIcon;
				CODE_SIGN_STYLE = Automatic;
				DEVELOPMENT_TEAM = N52Y358XD4;
				INFOPLIST_FILE = Project14/Info.plist;
				LD_RUNPATH_SEARCH_PATHS = (
					"$(inherited)",
					"@executable_path/Frameworks",
				);
				PRODUCT_BUNDLE_IDENTIFIER = com.titanianinc.Project14;
				PRODUCT_NAME = "$(TARGET_NAME)";
				SWIFT_VERSION = 5.0;
				TARGETED_DEVICE_FAMILY = 2;
			};
			name = Debug;
		};
		FAF3D1D6224C8171009FB9F7 /* Release */ = {
			isa = XCBuildConfiguration;
			buildSettings = {
				ASSETCATALOG_COMPILER_APPICON_NAME = AppIcon;
				CODE_SIGN_STYLE = Automatic;
				DEVELOPMENT_TEAM = N52Y358XD4;
				INFOPLIST_FILE = Project14/Info.plist;
				LD_RUNPATH_SEARCH_PATHS = (
					"$(inherited)",
					"@executable_path/Frameworks",
				);
				PRODUCT_BUNDLE_IDENTIFIER = com.titanianinc.Project14;
				PRODUCT_NAME = "$(TARGET_NAME)";
				SWIFT_VERSION = 5.0;
				TARGETED_DEVICE_FAMILY = 2;
			};
			name = Release;
		};
/* End XCBuildConfiguration section */

/* Begin XCConfigurationList section */
		FAF3D1B7224C816F009FB9F7 /* Build configuration list for PBXProject "Project14" */ = {
			isa = XCConfigurationList;
			buildConfigurations = (
				FAF3D1D2224C8171009FB9F7 /* Debug */,
				FAF3D1D3224C8171009FB9F7 /* Release */,
			);
			defaultConfigurationIsVisible = 0;
			defaultConfigurationName = Release;
		};
		FAF3D1D4224C8171009FB9F7 /* Build configuration list for PBXNativeTarget "Project14" */ = {
			isa = XCConfigurationList;
			buildConfigurations = (
				FAF3D1D5224C8171009FB9F7 /* Debug */,
				FAF3D1D6224C8171009FB9F7 /* Release */,
			);
			defaultConfigurationIsVisible = 0;
			defaultConfigurationName = Release;
		};
/* End XCConfigurationList section */
	};
	rootObject = FAF3D1B4224C816F009FB9F7 /* Project object */;
}
